
Microsoft Visual Studio Solution File, Format Version 12.00
# Visual Studio 15
VisualStudioVersion = 15.0.26228.102
MinimumVisualStudioVersion = 10.0.40219.1
Project("{00D1A9C2-B5F0-4AF3-8072-F6C62B433612}") = "North", "North\North.sqlproj", "{93910E9A-DCED-42A3-A394-968EEDBAD598}"
EndProject
Project("{00D1A9C2-B5F0-4AF3-8072-F6C62B433612}") = "ADV", "ADV\ADV.sqlproj", "{740DD629-00AD-428F-907E-2C3276181547}"
EndProject
Global
	GlobalSection(SolutionConfigurationPlatforms) = preSolution
		Debug|Any CPU = Debug|Any CPU
		Release|Any CPU = Release|Any CPU
	EndGlobalSection
	GlobalSection(ProjectConfigurationPlatforms) = postSolution
		{93910E9A-DCED-42A3-A394-968EEDBAD598}.Debug|Any CPU.ActiveCfg = Debug|Any CPU
		{93910E9A-DCED-42A3-A394-968EEDBAD598}.Debug|Any CPU.Build.0 = Debug|Any CPU
		{93910E9A-DCED-42A3-A394-968EEDBAD598}.Debug|Any CPU.Deploy.0 = Debug|Any CPU
		{93910E9A-DCED-42A3-A394-968EEDBAD598}.Release|Any CPU.ActiveCfg = Release|Any CPU
		{93910E9A-DCED-42A3-A394-968EEDBAD598}.Release|Any CPU.Build.0 = Release|Any CPU
		{93910E9A-DCED-42A3-A394-968EEDBAD598}.Release|Any CPU.Deploy.0 = Release|Any CPU
		{740DD629-00AD-428F-907E-2C3276181547}.Debug|Any CPU.ActiveCfg = Debug|Any CPU
		{740DD629-00AD-428F-907E-2C3276181547}.Debug|Any CPU.Build.0 = Debug|Any CPU
		{740DD629-00AD-428F-907E-2C3276181547}.Debug|Any CPU.Deploy.0 = Debug|Any CPU
		{740DD629-00AD-428F-907E-2C3276181547}.Release|Any CPU.ActiveCfg = Release|Any CPU
		{740DD629-00AD-428F-907E-2C3276181547}.Release|Any CPU.Build.0 = Release|Any CPU
		{740DD629-00AD-428F-907E-2C3276181547}.Release|Any CPU.Deploy.0 = Release|Any CPU
	EndGlobalSection
	GlobalSection(SolutionProperties) = preSolution
		HideSolutionNode = FALSE
	EndGlobalSection
EndGlobal
